
Microsoft Visual Studio Solution File, Format Version 12.00
# Visual Studio Version 17
VisualStudioVersion = 17.14.36221.1 d17.14
MinimumVisualStudioVersion = 10.0.40219.1
Project("{FAE04EC0-301F-11D3-BF4B-00C04F79EFBC}") = "GestaoLocadora", "GestaoLocadora\GestaoLocadora.csproj", "{0E872440-C158-41F2-8909-B40D2EB4215B}"
EndProject
Global
	GlobalSection(SolutionConfigurationPlatforms) = preSolution
		Debug|Any CPU = Debug|Any CPU
		Release|Any CPU = Release|Any CPU
	EndGlobalSection
	GlobalSection(ProjectConfigurationPlatforms) = postSolution
		{0E872440-C158-41F2-8909-B40D2EB4215B}.Debug|Any CPU.ActiveCfg = Debug|Any CPU
		{0E872440-C158-41F2-8909-B40D2EB4215B}.Debug|Any CPU.Build.0 = Debug|Any CPU
		{0E872440-C158-41F2-8909-B40D2EB4215B}.Release|Any CPU.ActiveCfg = Release|Any CPU
		{0E872440-C158-41F2-8909-B40D2EB4215B}.Release|Any CPU.Build.0 = Release|Any CPU
	EndGlobalSection
	GlobalSection(SolutionProperties) = preSolution
		HideSolutionNode = FALSE
	EndGlobalSection
	GlobalSection(ExtensibilityGlobals) = postSolution
		SolutionGuid = {4719F988-72CD-43AC-96FA-899FD68F4A32}
	EndGlobalSection
EndGlobal
